<?xml version="1.0" encoding="utf-8"?>
<Project ToolsVersion="14.0" xmlns="http://schemas.microsoft.com/developer/msbuild/2003">
  <ItemGroup>
    <ClInclude Include="$(MSBuildThisFileDirectory)Class1.h" />
    <ClInclude Include="$(MSBuildThisFileDirectory)pch.h" />
    <ClInclude Include="$(MSBuildThisFileDirectory)Dx\State\OMRenderTargetState.h" />
    <ClInclude Include="$(MSBuildThisFileDirectory)Dx\State\RenderTargetState.h" />
    <ClInclude Include="$(MSBuildThisFileDirectory)Dx\State\RSViewportState.h" />
    <ClInclude Include="$(MSBuildThisFileDirectory)Dx\D2DCtxMt.h" />
    <ClInclude Include="$(MSBuildThisFileDirectory)Dx\D3dStructWrappers.h" />
    <ClInclude Include="$(MSBuildThisFileDirectory)Dx\Dx.h" />
    <ClInclude Include="$(MSBuildThisFileDirectory)Dx\DxDevice.h" />
    <ClInclude Include="$(MSBuildThisFileDirectory)Dx\DxDeviceCtx.h" />
    <ClInclude Include="$(MSBuildThisFileDirectory)Dx\DxDeviceMt.h" />
    <ClInclude Include="$(MSBuildThisFileDirectory)Dx\DxHelpers.h" />
    <ClInclude Include="$(MSBuildThisFileDirectory)Dx\MappedResource.h" />
    <ClInclude Include="$(MSBuildThisFileDirectory)Starsky.h" />
    <ClInclude Include="$(MSBuildThisFileDirectory)StarskyWinRtRenderer.h" />
    <ClInclude Include="$(MSBuildThisFileDirectory)WinRtRenderer\SwapChainPanelOutput.h" />
    <ClInclude Include="$(MSBuildThisFileDirectory)WinRtRenderer\WinRtRendererMain.h" />
    <ClInclude Include="$(MSBuildThisFileDirectory)WinRtRenderer\WinRtRenderer.h" />
    <ClInclude Include="$(MSBuildThisFileDirectory)WinRtRenderer2\IRenderer.h" />
    <ClInclude Include="$(MSBuildThisFileDirectory)WinRtRenderer2\IOutput.h" />
    <ClInclude Include="$(MSBuildThisFileDirectory)WinRtRenderer2\WinRtRenderer2.h" />
    <ClInclude Include="$(MSBuildThisFileDirectory)WinRtRenderer2\SwapChainPanelOutput2.h" />
    <ClInclude Include="$(MSBuildThisFileDirectory)StarskyRenderer.h" />
  </ItemGroup>
  <ItemGroup>
    <ClCompile Include="$(MSBuildThisFileDirectory)Class1.cpp" />
    <ClCompile Include="$(MSBuildThisFileDirectory)pch.cpp">
      <PrecompiledHeader>Create</PrecompiledHeader>
    </ClCompile>
    <ClCompile Include="$(MSBuildThisFileDirectory)Dx\D2DCtxMt.cpp" />
    <ClCompile Include="$(MSBuildThisFileDirectory)Dx\D3dStructWrappers.cpp" />
    <ClCompile Include="$(MSBuildThisFileDirectory)Dx\Dx.cpp" />
    <ClCompile Include="$(MSBuildThisFileDirectory)Dx\DxDevice.cpp" />
    <ClCompile Include="$(MSBuildThisFileDirectory)Dx\DxDeviceCtx.cpp" />
    <ClCompile Include="$(MSBuildThisFileDirectory)Dx\DxDeviceMt.cpp" />
    <ClCompile Include="$(MSBuildThisFileDirectory)Dx\MappedResource.cpp" />
    <ClCompile Include="$(MSBuildThisFileDirectory)Starsky.cpp" />
    <ClCompile Include="$(MSBuildThisFileDirectory)StarskyWinRtRenderer.cpp" />
    <ClCompile Include="$(MSBuildThisFileDirectory)WinRtRenderer\SwapChainPanelOutput.cpp" />
    <ClCompile Include="$(MSBuildThisFileDirectory)WinRtRenderer\WinRtRenderer.cpp" />
    <ClCompile Include="$(MSBuildThisFileDirectory)WinRtRenderer2\IRenderer.cpp" />
    <ClCompile Include="$(MSBuildThisFileDirectory)WinRtRenderer2\IOutput.cpp" />
    <ClCompile Include="$(MSBuildThisFileDirectory)WinRtRenderer2\SwapChainPanelOutput2.cpp" />
    <ClCompile Include="$(MSBuildThisFileDirectory)StarskyRenderer.cpp" />
  </ItemGroup>
  <ItemGroup>
    <FxCompile Include="$(MSBuildThisFileDirectory)Hlsl\SimpleVs.hlsl" />
    <FxCompile Include="$(MSBuildThisFileDirectory)Hlsl\SimplePs.hlsl" />
    <FxCompile Include="$(MSBuildThisFileDirectory)Hlsl\SimpleAntialiasVs.hlsl" />
    <FxCompile Include="$(MSBuildThisFileDirectory)Hlsl\SimpleAntialiasPs.hlsl" />
  </ItemGroup>
</Project>